# donna.lock — generated by donna build. Commit this file.

[packages.donna]
git = "https://github.com/donna-lang/donna_stdlib"
rev = "264b2cd52ce9390c8a848974ca7a33171d282d9f"

[packages.mongoose]
git = "https://github.com/NikolasSkyl/mongoose"
rev = "3b8703703b32c25da52bc6b3350f7df46aa5d868"

[packages.unittest]
git = "https://github.com/donna-lang/unittest"
rev = "fbaac2a3a5236424f7685762f4bc915199e5ae68"

