# donna.lock — generated by donna build. Commit this file.

[packages.donna]
git = "https://github.com/donna-lang/donna_stdlib"
rev = "264b2cd52ce9390c8a848974ca7a33171d282d9f"

[packages.mongoose]
git = "https://github.com/NikolasSkyl/mongoose"
rev = "3b8703703b32c25da52bc6b3350f7df46aa5d868"

[packages.sqlite]
git = "https://github.com/donna-lang/sqlite"
rev = "bf8450438e3cb0006e160680c166e899d5f0b6a4"

[packages.json]
git = "https://github.com/donna-lang/json"
rev = "f340ab80f6f5d6d302b5497e79d7cd854b876813"

